
Microsoft Visual Studio Solution File, Format Version 12.00
# Visual Studio Version 16
VisualStudioVersion = 16.0.30225.117
MinimumVisualStudioVersion = 10.0.40219.1
Project("{9A19103F-16F7-4668-BE54-9A1E7A4F7556}") = "ZBot", "ZBot\ZBot.csproj", "{8EEF2731-1B3B-4F67-A536-3DA2ECEE52C3}"
EndProject
Project("{9A19103F-16F7-4668-BE54-9A1E7A4F7556}") = "DateBot.Base", "DateBot\DateBot.Base.csproj", "{B14CAEA5-0A10-4B2B-8BD1-E2CD2A2C98C8}"
EndProject
Project("{9A19103F-16F7-4668-BE54-9A1E7A4F7556}") = "zLib", "zLib\zLib.csproj", "{6C64D79A-CA9A-40B3-99DF-7C11F79CCA35}"
EndProject
Project("{9A19103F-16F7-4668-BE54-9A1E7A4F7556}") = "zLib.WPF", "zLib.WPF\zLib.WPF.csproj", "{EF64EC03-57FA-418B-BA8B-DCFD75A144F6}"
EndProject
Project("{9A19103F-16F7-4668-BE54-9A1E7A4F7556}") = "_DateBot.Console", "Bot.Console\_DateBot.Console.csproj", "{A7065C43-5ECB-423A-8ABC-AE4B2013ED46}"
EndProject
Project("{FAE04EC0-301F-11D3-BF4B-00C04F79EFBC}") = "DummyBot.ConsoleApp", "DummyBot.ConsoleApp\DummyBot.ConsoleApp.csproj", "{6558FE39-1889-4D16-BBC6-0CA634965231}"
EndProject
Global
	GlobalSection(SolutionConfigurationPlatforms) = preSolution
		Debug|Any CPU = Debug|Any CPU
		Release|Any CPU = Release|Any CPU
	EndGlobalSection
	GlobalSection(ProjectConfigurationPlatforms) = postSolution
		{8EEF2731-1B3B-4F67-A536-3DA2ECEE52C3}.Debug|Any CPU.ActiveCfg = Debug|Any CPU
		{8EEF2731-1B3B-4F67-A536-3DA2ECEE52C3}.Debug|Any CPU.Build.0 = Debug|Any CPU
		{8EEF2731-1B3B-4F67-A536-3DA2ECEE52C3}.Release|Any CPU.ActiveCfg = Release|Any CPU
		{8EEF2731-1B3B-4F67-A536-3DA2ECEE52C3}.Release|Any CPU.Build.0 = Release|Any CPU
		{B14CAEA5-0A10-4B2B-8BD1-E2CD2A2C98C8}.Debug|Any CPU.ActiveCfg = Debug|Any CPU
		{B14CAEA5-0A10-4B2B-8BD1-E2CD2A2C98C8}.Debug|Any CPU.Build.0 = Debug|Any CPU
		{B14CAEA5-0A10-4B2B-8BD1-E2CD2A2C98C8}.Release|Any CPU.ActiveCfg = Release|Any CPU
		{B14CAEA5-0A10-4B2B-8BD1-E2CD2A2C98C8}.Release|Any CPU.Build.0 = Release|Any CPU
		{6C64D79A-CA9A-40B3-99DF-7C11F79CCA35}.Debug|Any CPU.ActiveCfg = Debug|Any CPU
		{6C64D79A-CA9A-40B3-99DF-7C11F79CCA35}.Debug|Any CPU.Build.0 = Debug|Any CPU
		{6C64D79A-CA9A-40B3-99DF-7C11F79CCA35}.Release|Any CPU.ActiveCfg = Release|Any CPU
		{6C64D79A-CA9A-40B3-99DF-7C11F79CCA35}.Release|Any CPU.Build.0 = Release|Any CPU
		{EF64EC03-57FA-418B-BA8B-DCFD75A144F6}.Debug|Any CPU.ActiveCfg = Debug|Any CPU
		{EF64EC03-57FA-418B-BA8B-DCFD75A144F6}.Debug|Any CPU.Build.0 = Debug|Any CPU
		{EF64EC03-57FA-418B-BA8B-DCFD75A144F6}.Release|Any CPU.ActiveCfg = Release|Any CPU
		{EF64EC03-57FA-418B-BA8B-DCFD75A144F6}.Release|Any CPU.Build.0 = Release|Any CPU
		{A7065C43-5ECB-423A-8ABC-AE4B2013ED46}.Debug|Any CPU.ActiveCfg = Debug|Any CPU
		{A7065C43-5ECB-423A-8ABC-AE4B2013ED46}.Debug|Any CPU.Build.0 = Debug|Any CPU
		{A7065C43-5ECB-423A-8ABC-AE4B2013ED46}.Release|Any CPU.ActiveCfg = Release|Any CPU
		{A7065C43-5ECB-423A-8ABC-AE4B2013ED46}.Release|Any CPU.Build.0 = Release|Any CPU
		{6558FE39-1889-4D16-BBC6-0CA634965231}.Debug|Any CPU.ActiveCfg = Debug|Any CPU
		{6558FE39-1889-4D16-BBC6-0CA634965231}.Debug|Any CPU.Build.0 = Debug|Any CPU
		{6558FE39-1889-4D16-BBC6-0CA634965231}.Release|Any CPU.ActiveCfg = Release|Any CPU
		{6558FE39-1889-4D16-BBC6-0CA634965231}.Release|Any CPU.Build.0 = Release|Any CPU
	EndGlobalSection
	GlobalSection(SolutionProperties) = preSolution
		HideSolutionNode = FALSE
	EndGlobalSection
	GlobalSection(ExtensibilityGlobals) = postSolution
		SolutionGuid = {0480089C-63D4-4A7D-B19C-BDA1EAE6B18D}
	EndGlobalSection
EndGlobal
